
Microsoft Visual Studio Solution File, Format Version 12.00
# Visual Studio Version 16
VisualStudioVersion = 16.0.29519.87
MinimumVisualStudioVersion = 10.0.40219.1
Project("{FAE04EC0-301F-11D3-BF4B-00C04F79EFBC}") = "Tetrahedron", "Tetrahedron\Tetrahedron.csproj", "{69ED27B4-E177-4E82-8941-50C4AD1A538E}"
EndProject
Global
	GlobalSection(SolutionConfigurationPlatforms) = preSolution
		Debug|Any CPU = Debug|Any CPU
		Release|Any CPU = Release|Any CPU
	EndGlobalSection
	GlobalSection(ProjectConfigurationPlatforms) = postSolution
		{69ED27B4-E177-4E82-8941-50C4AD1A538E}.Debug|Any CPU.ActiveCfg = Debug|Any CPU
		{69ED27B4-E177-4E82-8941-50C4AD1A538E}.Debug|Any CPU.Build.0 = Debug|Any CPU
		{69ED27B4-E177-4E82-8941-50C4AD1A538E}.Release|Any CPU.ActiveCfg = Release|Any CPU
		{69ED27B4-E177-4E82-8941-50C4AD1A538E}.Release|Any CPU.Build.0 = Release|Any CPU
	EndGlobalSection
	GlobalSection(SolutionProperties) = preSolution
		HideSolutionNode = FALSE
	EndGlobalSection
	GlobalSection(ExtensibilityGlobals) = postSolution
		SolutionGuid = {73C8E071-8048-48D4-B4ED-211FE5C1EE27}
	EndGlobalSection
EndGlobal
