
Microsoft Visual Studio Solution File, Format Version 12.00
# Visual Studio 15
VisualStudioVersion = 15.0.28307.329
MinimumVisualStudioVersion = 10.0.40219.1
Project("{FAE04EC0-301F-11D3-BF4B-00C04F79EFBC}") = "TW03", "TW03\TW03.csproj", "{57FF752A-E884-4A96-A8FD-F752C857A337}"
EndProject
Global
	GlobalSection(SolutionConfigurationPlatforms) = preSolution
		Debug|Any CPU = Debug|Any CPU
		Release|Any CPU = Release|Any CPU
	EndGlobalSection
	GlobalSection(ProjectConfigurationPlatforms) = postSolution
		{57FF752A-E884-4A96-A8FD-F752C857A337}.Debug|Any CPU.ActiveCfg = Debug|Any CPU
		{57FF752A-E884-4A96-A8FD-F752C857A337}.Debug|Any CPU.Build.0 = Debug|Any CPU
		{57FF752A-E884-4A96-A8FD-F752C857A337}.Release|Any CPU.ActiveCfg = Release|Any CPU
		{57FF752A-E884-4A96-A8FD-F752C857A337}.Release|Any CPU.Build.0 = Release|Any CPU
	EndGlobalSection
	GlobalSection(SolutionProperties) = preSolution
		HideSolutionNode = FALSE
	EndGlobalSection
	GlobalSection(ExtensibilityGlobals) = postSolution
		SolutionGuid = {A0CD004F-3F26-4A1C-AEA8-E4099C45D596}
	EndGlobalSection
EndGlobal
