
Microsoft Visual Studio Solution File, Format Version 12.00
# Visual Studio Version 16
VisualStudioVersion = 16.0.29503.13
MinimumVisualStudioVersion = 10.0.40219.1
Project("{FAE04EC0-301F-11D3-BF4B-00C04F79EFBC}") = "HelloWorldApp", "HelloWorldApp\HelloWorldApp.csproj", "{24E5C29D-13E8-4DDE-A305-823B09197753}"
EndProject
Project("{FAE04EC0-301F-11D3-BF4B-00C04F79EFBC}") = "CodeBehind", "CodeBehind\CodeBehind.csproj", "{50A0CAA1-45FC-48A5-8073-71EF792C217C}"
EndProject
Global
	GlobalSection(SolutionConfigurationPlatforms) = preSolution
		Debug|Any CPU = Debug|Any CPU
		Release|Any CPU = Release|Any CPU
	EndGlobalSection
	GlobalSection(ProjectConfigurationPlatforms) = postSolution
		{24E5C29D-13E8-4DDE-A305-823B09197753}.Debug|Any CPU.ActiveCfg = Debug|Any CPU
		{24E5C29D-13E8-4DDE-A305-823B09197753}.Debug|Any CPU.Build.0 = Debug|Any CPU
		{24E5C29D-13E8-4DDE-A305-823B09197753}.Release|Any CPU.ActiveCfg = Release|Any CPU
		{24E5C29D-13E8-4DDE-A305-823B09197753}.Release|Any CPU.Build.0 = Release|Any CPU
		{50A0CAA1-45FC-48A5-8073-71EF792C217C}.Debug|Any CPU.ActiveCfg = Debug|Any CPU
		{50A0CAA1-45FC-48A5-8073-71EF792C217C}.Debug|Any CPU.Build.0 = Debug|Any CPU
		{50A0CAA1-45FC-48A5-8073-71EF792C217C}.Release|Any CPU.ActiveCfg = Release|Any CPU
		{50A0CAA1-45FC-48A5-8073-71EF792C217C}.Release|Any CPU.Build.0 = Release|Any CPU
	EndGlobalSection
	GlobalSection(SolutionProperties) = preSolution
		HideSolutionNode = FALSE
	EndGlobalSection
	GlobalSection(ExtensibilityGlobals) = postSolution
		SolutionGuid = {C3556310-E3E6-4477-BA91-365F1CA100B8}
	EndGlobalSection
EndGlobal
