
Microsoft Visual Studio Solution File, Format Version 12.00
# Visual Studio Version 16
VisualStudioVersion = 16.0.29519.181
MinimumVisualStudioVersion = 10.0.40219.1
Project("{9A19103F-16F7-4668-BE54-9A1E7A4F7556}") = "XamlProperty", "XamlProperty\XamlProperty.csproj", "{2DF0C84F-4550-4CFB-BEC5-D55D192DE323}"
EndProject
Project("{9A19103F-16F7-4668-BE54-9A1E7A4F7556}") = "UserControl", "UserControl\UserControl.csproj", "{BB153A17-797E-403F-9FC4-BF3739B18CE3}"
EndProject
Project("{9A19103F-16F7-4668-BE54-9A1E7A4F7556}") = "SimpleXaml", "SimpleXaml\SimpleXaml.csproj", "{51B0C1E2-735D-4F65-AF21-87E1AD041017}"
EndProject
Project("{FAE04EC0-301F-11D3-BF4B-00C04F79EFBC}") = "AttachedProperty", "AttachedProperty\AttachedProperty.csproj", "{26EDA431-F602-4D54-B361-65008796B68F}"
EndProject
Project("{FAE04EC0-301F-11D3-BF4B-00C04F79EFBC}") = "EventHandler", "EventHandler\EventHandler.csproj", "{629CB0FB-9B3B-4E20-B5AA-7F57207A6A3A}"
EndProject
Project("{FAE04EC0-301F-11D3-BF4B-00C04F79EFBC}") = "AttachedEvent", "AttachedEvent\AttachedEvent.csproj", "{B4FB6B4B-1CF0-4F53-9A5F-2B3B99505879}"
EndProject
Global
	GlobalSection(SolutionConfigurationPlatforms) = preSolution
		Debug|Any CPU = Debug|Any CPU
		Release|Any CPU = Release|Any CPU
	EndGlobalSection
	GlobalSection(ProjectConfigurationPlatforms) = postSolution
		{2DF0C84F-4550-4CFB-BEC5-D55D192DE323}.Debug|Any CPU.ActiveCfg = Debug|Any CPU
		{2DF0C84F-4550-4CFB-BEC5-D55D192DE323}.Debug|Any CPU.Build.0 = Debug|Any CPU
		{2DF0C84F-4550-4CFB-BEC5-D55D192DE323}.Release|Any CPU.ActiveCfg = Release|Any CPU
		{2DF0C84F-4550-4CFB-BEC5-D55D192DE323}.Release|Any CPU.Build.0 = Release|Any CPU
		{BB153A17-797E-403F-9FC4-BF3739B18CE3}.Debug|Any CPU.ActiveCfg = Debug|Any CPU
		{BB153A17-797E-403F-9FC4-BF3739B18CE3}.Debug|Any CPU.Build.0 = Debug|Any CPU
		{BB153A17-797E-403F-9FC4-BF3739B18CE3}.Release|Any CPU.ActiveCfg = Release|Any CPU
		{BB153A17-797E-403F-9FC4-BF3739B18CE3}.Release|Any CPU.Build.0 = Release|Any CPU
		{51B0C1E2-735D-4F65-AF21-87E1AD041017}.Debug|Any CPU.ActiveCfg = Debug|Any CPU
		{51B0C1E2-735D-4F65-AF21-87E1AD041017}.Debug|Any CPU.Build.0 = Debug|Any CPU
		{51B0C1E2-735D-4F65-AF21-87E1AD041017}.Release|Any CPU.ActiveCfg = Release|Any CPU
		{51B0C1E2-735D-4F65-AF21-87E1AD041017}.Release|Any CPU.Build.0 = Release|Any CPU
		{26EDA431-F602-4D54-B361-65008796B68F}.Debug|Any CPU.ActiveCfg = Debug|Any CPU
		{26EDA431-F602-4D54-B361-65008796B68F}.Debug|Any CPU.Build.0 = Debug|Any CPU
		{26EDA431-F602-4D54-B361-65008796B68F}.Release|Any CPU.ActiveCfg = Release|Any CPU
		{26EDA431-F602-4D54-B361-65008796B68F}.Release|Any CPU.Build.0 = Release|Any CPU
		{629CB0FB-9B3B-4E20-B5AA-7F57207A6A3A}.Debug|Any CPU.ActiveCfg = Debug|Any CPU
		{629CB0FB-9B3B-4E20-B5AA-7F57207A6A3A}.Debug|Any CPU.Build.0 = Debug|Any CPU
		{629CB0FB-9B3B-4E20-B5AA-7F57207A6A3A}.Release|Any CPU.ActiveCfg = Release|Any CPU
		{629CB0FB-9B3B-4E20-B5AA-7F57207A6A3A}.Release|Any CPU.Build.0 = Release|Any CPU
		{B4FB6B4B-1CF0-4F53-9A5F-2B3B99505879}.Debug|Any CPU.ActiveCfg = Debug|Any CPU
		{B4FB6B4B-1CF0-4F53-9A5F-2B3B99505879}.Debug|Any CPU.Build.0 = Debug|Any CPU
		{B4FB6B4B-1CF0-4F53-9A5F-2B3B99505879}.Release|Any CPU.ActiveCfg = Release|Any CPU
		{B4FB6B4B-1CF0-4F53-9A5F-2B3B99505879}.Release|Any CPU.Build.0 = Release|Any CPU
	EndGlobalSection
	GlobalSection(SolutionProperties) = preSolution
		HideSolutionNode = FALSE
	EndGlobalSection
	GlobalSection(ExtensibilityGlobals) = postSolution
		SolutionGuid = {69A52570-D3FF-45C0-81F3-4EB7375A0034}
	EndGlobalSection
EndGlobal
