
Microsoft Visual Studio Solution File, Format Version 12.00
# Visual Studio Version 16
VisualStudioVersion = 16.0.29418.71
MinimumVisualStudioVersion = 10.0.40219.1
Project("{D954291E-2A0B-460D-934E-DC6B0785DB48}") = "UF15.Shared", "UF15\UF15.Shared\UF15.Shared.shproj", "{6279C845-92F8-4333-AB99-3D213163593C}"
EndProject
Project("{FAE04EC0-301F-11D3-BF4B-00C04F79EFBC}") = "UF15.Droid", "UF15\UF15.Droid\UF15.Droid.csproj", "{BEC51461-13DB-4736-96F1-8DB99749A00D}"
EndProject
Project("{FAE04EC0-301F-11D3-BF4B-00C04F79EFBC}") = "UF15.iOS", "UF15\UF15.iOS\UF15.iOS.csproj", "{DC3065CB-B6B5-424C-A429-DF68F27DC5FD}"
EndProject
Project("{FAE04EC0-301F-11D3-BF4B-00C04F79EFBC}") = "UF15.UWP", "UF15\UF15.UWP\UF15.UWP.csproj", "{DA973F03-E3D4-40D0-B4F5-98A29E0B4483}"
EndProject
Project("{9A19103F-16F7-4668-BE54-9A1E7A4F7556}") = "UF15.Wasm", "UF15\UF15.Wasm\UF15.Wasm.csproj", "{9E9B4404-C6E9-49C1-B584-1679D5DD0EB7}"
EndProject
Global
	GlobalSection(SharedMSBuildProjectFiles) = preSolution
		UF15\UF15.Shared\UF15.Shared.projitems*{6279c845-92f8-4333-ab99-3d213163593c}*SharedItemsImports = 13
		UF15\UF15.Shared\UF15.Shared.projitems*{bec51461-13db-4736-96f1-8db99749a00d}*SharedItemsImports = 4
		UF15\UF15.Shared\UF15.Shared.projitems*{da973f03-e3d4-40d0-b4f5-98a29e0b4483}*SharedItemsImports = 4
		UF15\UF15.Shared\UF15.Shared.projitems*{dc3065cb-b6b5-424c-a429-df68f27dc5fd}*SharedItemsImports = 4
	EndGlobalSection
	GlobalSection(SolutionConfigurationPlatforms) = preSolution
		Ad-Hoc|Any CPU = Ad-Hoc|Any CPU
		Ad-Hoc|ARM = Ad-Hoc|ARM
		Ad-Hoc|iPhone = Ad-Hoc|iPhone
		Ad-Hoc|iPhoneSimulator = Ad-Hoc|iPhoneSimulator
		Ad-Hoc|x64 = Ad-Hoc|x64
		Ad-Hoc|x86 = Ad-Hoc|x86
		AppStore|Any CPU = AppStore|Any CPU
		AppStore|ARM = AppStore|ARM
		AppStore|iPhone = AppStore|iPhone
		AppStore|iPhoneSimulator = AppStore|iPhoneSimulator
		AppStore|x64 = AppStore|x64
		AppStore|x86 = AppStore|x86
		Debug|Any CPU = Debug|Any CPU
		Debug|ARM = Debug|ARM
		Debug|iPhone = Debug|iPhone
		Debug|iPhoneSimulator = Debug|iPhoneSimulator
		Debug|x64 = Debug|x64
		Debug|x86 = Debug|x86
		Release|Any CPU = Release|Any CPU
		Release|ARM = Release|ARM
		Release|iPhone = Release|iPhone
		Release|iPhoneSimulator = Release|iPhoneSimulator
		Release|x64 = Release|x64
		Release|x86 = Release|x86
	EndGlobalSection
	GlobalSection(ProjectConfigurationPlatforms) = postSolution
		{BEC51461-13DB-4736-96F1-8DB99749A00D}.Ad-Hoc|Any CPU.ActiveCfg = Release|Any CPU
		{BEC51461-13DB-4736-96F1-8DB99749A00D}.Ad-Hoc|Any CPU.Build.0 = Release|Any CPU
		{BEC51461-13DB-4736-96F1-8DB99749A00D}.Ad-Hoc|Any CPU.Deploy.0 = Release|Any CPU
		{BEC51461-13DB-4736-96F1-8DB99749A00D}.Ad-Hoc|ARM.ActiveCfg = Release|Any CPU
		{BEC51461-13DB-4736-96F1-8DB99749A00D}.Ad-Hoc|ARM.Build.0 = Release|Any CPU
		{BEC51461-13DB-4736-96F1-8DB99749A00D}.Ad-Hoc|ARM.Deploy.0 = Release|Any CPU
		{BEC51461-13DB-4736-96F1-8DB99749A00D}.Ad-Hoc|iPhone.ActiveCfg = Release|Any CPU
		{BEC51461-13DB-4736-96F1-8DB99749A00D}.Ad-Hoc|iPhone.Build.0 = Release|Any CPU
		{BEC51461-13DB-4736-96F1-8DB99749A00D}.Ad-Hoc|iPhone.Deploy.0 = Release|Any CPU
		{BEC51461-13DB-4736-96F1-8DB99749A00D}.Ad-Hoc|iPhoneSimulator.ActiveCfg = Release|Any CPU
		{BEC51461-13DB-4736-96F1-8DB99749A00D}.Ad-Hoc|iPhoneSimulator.Build.0 = Release|Any CPU
		{BEC51461-13DB-4736-96F1-8DB99749A00D}.Ad-Hoc|iPhoneSimulator.Deploy.0 = Release|Any CPU
		{BEC51461-13DB-4736-96F1-8DB99749A00D}.Ad-Hoc|x64.ActiveCfg = Release|Any CPU
		{BEC51461-13DB-4736-96F1-8DB99749A00D}.Ad-Hoc|x64.Build.0 = Release|Any CPU
		{BEC51461-13DB-4736-96F1-8DB99749A00D}.Ad-Hoc|x64.Deploy.0 = Release|Any CPU
		{BEC51461-13DB-4736-96F1-8DB99749A00D}.Ad-Hoc|x86.ActiveCfg = Release|Any CPU
		{BEC51461-13DB-4736-96F1-8DB99749A00D}.Ad-Hoc|x86.Build.0 = Release|Any CPU
		{BEC51461-13DB-4736-96F1-8DB99749A00D}.Ad-Hoc|x86.Deploy.0 = Release|Any CPU
		{BEC51461-13DB-4736-96F1-8DB99749A00D}.AppStore|Any CPU.ActiveCfg = Release|Any CPU
		{BEC51461-13DB-4736-96F1-8DB99749A00D}.AppStore|Any CPU.Build.0 = Release|Any CPU
		{BEC51461-13DB-4736-96F1-8DB99749A00D}.AppStore|Any CPU.Deploy.0 = Release|Any CPU
		{BEC51461-13DB-4736-96F1-8DB99749A00D}.AppStore|ARM.ActiveCfg = Release|Any CPU
		{BEC51461-13DB-4736-96F1-8DB99749A00D}.AppStore|ARM.Build.0 = Release|Any CPU
		{BEC51461-13DB-4736-96F1-8DB99749A00D}.AppStore|ARM.Deploy.0 = Release|Any CPU
		{BEC51461-13DB-4736-96F1-8DB99749A00D}.AppStore|iPhone.ActiveCfg = Release|Any CPU
		{BEC51461-13DB-4736-96F1-8DB99749A00D}.AppStore|iPhone.Build.0 = Release|Any CPU
		{BEC51461-13DB-4736-96F1-8DB99749A00D}.AppStore|iPhone.Deploy.0 = Release|Any CPU
		{BEC51461-13DB-4736-96F1-8DB99749A00D}.AppStore|iPhoneSimulator.ActiveCfg = Release|Any CPU
		{BEC51461-13DB-4736-96F1-8DB99749A00D}.AppStore|iPhoneSimulator.Build.0 = Release|Any CPU
		{BEC51461-13DB-4736-96F1-8DB99749A00D}.AppStore|iPhoneSimulator.Deploy.0 = Release|Any CPU
		{BEC51461-13DB-4736-96F1-8DB99749A00D}.AppStore|x64.ActiveCfg = Release|Any CPU
		{BEC51461-13DB-4736-96F1-8DB99749A00D}.AppStore|x64.Build.0 = Release|Any CPU
		{BEC51461-13DB-4736-96F1-8DB99749A00D}.AppStore|x64.Deploy.0 = Release|Any CPU
		{BEC51461-13DB-4736-96F1-8DB99749A00D}.AppStore|x86.ActiveCfg = Release|Any CPU
		{BEC51461-13DB-4736-96F1-8DB99749A00D}.AppStore|x86.Build.0 = Release|Any CPU
		{BEC51461-13DB-4736-96F1-8DB99749A00D}.AppStore|x86.Deploy.0 = Release|Any CPU
		{BEC51461-13DB-4736-96F1-8DB99749A00D}.Debug|Any CPU.ActiveCfg = Debug|Any CPU
		{BEC51461-13DB-4736-96F1-8DB99749A00D}.Debug|Any CPU.Build.0 = Debug|Any CPU
		{BEC51461-13DB-4736-96F1-8DB99749A00D}.Debug|Any CPU.Deploy.0 = Debug|Any CPU
		{BEC51461-13DB-4736-96F1-8DB99749A00D}.Debug|ARM.ActiveCfg = Debug|Any CPU
		{BEC51461-13DB-4736-96F1-8DB99749A00D}.Debug|ARM.Build.0 = Debug|Any CPU
		{BEC51461-13DB-4736-96F1-8DB99749A00D}.Debug|ARM.Deploy.0 = Debug|Any CPU
		{BEC51461-13DB-4736-96F1-8DB99749A00D}.Debug|iPhone.ActiveCfg = Debug|Any CPU
		{BEC51461-13DB-4736-96F1-8DB99749A00D}.Debug|iPhone.Build.0 = Debug|Any CPU
		{BEC51461-13DB-4736-96F1-8DB99749A00D}.Debug|iPhone.Deploy.0 = Debug|Any CPU
		{BEC51461-13DB-4736-96F1-8DB99749A00D}.Debug|iPhoneSimulator.ActiveCfg = Debug|Any CPU
		{BEC51461-13DB-4736-96F1-8DB99749A00D}.Debug|iPhoneSimulator.Build.0 = Debug|Any CPU
		{BEC51461-13DB-4736-96F1-8DB99749A00D}.Debug|iPhoneSimulator.Deploy.0 = Debug|Any CPU
		{BEC51461-13DB-4736-96F1-8DB99749A00D}.Debug|x64.ActiveCfg = Debug|Any CPU
		{BEC51461-13DB-4736-96F1-8DB99749A00D}.Debug|x64.Build.0 = Debug|Any CPU
		{BEC51461-13DB-4736-96F1-8DB99749A00D}.Debug|x64.Deploy.0 = Debug|Any CPU
		{BEC51461-13DB-4736-96F1-8DB99749A00D}.Debug|x86.ActiveCfg = Debug|Any CPU
		{BEC51461-13DB-4736-96F1-8DB99749A00D}.Debug|x86.Build.0 = Debug|Any CPU
		{BEC51461-13DB-4736-96F1-8DB99749A00D}.Debug|x86.Deploy.0 = Debug|Any CPU
		{BEC51461-13DB-4736-96F1-8DB99749A00D}.Release|Any CPU.ActiveCfg = Release|Any CPU
		{BEC51461-13DB-4736-96F1-8DB99749A00D}.Release|Any CPU.Build.0 = Release|Any CPU
		{BEC51461-13DB-4736-96F1-8DB99749A00D}.Release|Any CPU.Deploy.0 = Release|Any CPU
		{BEC51461-13DB-4736-96F1-8DB99749A00D}.Release|ARM.ActiveCfg = Release|Any CPU
		{BEC51461-13DB-4736-96F1-8DB99749A00D}.Release|ARM.Build.0 = Release|Any CPU
		{BEC51461-13DB-4736-96F1-8DB99749A00D}.Release|ARM.Deploy.0 = Release|Any CPU
		{BEC51461-13DB-4736-96F1-8DB99749A00D}.Release|iPhone.ActiveCfg = Release|Any CPU
		{BEC51461-13DB-4736-96F1-8DB99749A00D}.Release|iPhone.Build.0 = Release|Any CPU
		{BEC51461-13DB-4736-96F1-8DB99749A00D}.Release|iPhone.Deploy.0 = Release|Any CPU
		{BEC51461-13DB-4736-96F1-8DB99749A00D}.Release|iPhoneSimulator.ActiveCfg = Release|Any CPU
		{BEC51461-13DB-4736-96F1-8DB99749A00D}.Release|iPhoneSimulator.Build.0 = Release|Any CPU
		{BEC51461-13DB-4736-96F1-8DB99749A00D}.Release|iPhoneSimulator.Deploy.0 = Release|Any CPU
		{BEC51461-13DB-4736-96F1-8DB99749A00D}.Release|x64.ActiveCfg = Release|Any CPU
		{BEC51461-13DB-4736-96F1-8DB99749A00D}.Release|x64.Build.0 = Release|Any CPU
		{BEC51461-13DB-4736-96F1-8DB99749A00D}.Release|x64.Deploy.0 = Release|Any CPU
		{BEC51461-13DB-4736-96F1-8DB99749A00D}.Release|x86.ActiveCfg = Release|Any CPU
		{BEC51461-13DB-4736-96F1-8DB99749A00D}.Release|x86.Build.0 = Release|Any CPU
		{BEC51461-13DB-4736-96F1-8DB99749A00D}.Release|x86.Deploy.0 = Release|Any CPU
		{DC3065CB-B6B5-424C-A429-DF68F27DC5FD}.Ad-Hoc|Any CPU.ActiveCfg = Ad-Hoc|iPhone
		{DC3065CB-B6B5-424C-A429-DF68F27DC5FD}.Ad-Hoc|ARM.ActiveCfg = Ad-Hoc|iPhone
		{DC3065CB-B6B5-424C-A429-DF68F27DC5FD}.Ad-Hoc|iPhone.ActiveCfg = Ad-Hoc|iPhone
		{DC3065CB-B6B5-424C-A429-DF68F27DC5FD}.Ad-Hoc|iPhone.Build.0 = Ad-Hoc|iPhone
		{DC3065CB-B6B5-424C-A429-DF68F27DC5FD}.Ad-Hoc|iPhoneSimulator.ActiveCfg = Ad-Hoc|iPhoneSimulator
		{DC3065CB-B6B5-424C-A429-DF68F27DC5FD}.Ad-Hoc|iPhoneSimulator.Build.0 = Ad-Hoc|iPhoneSimulator
		{DC3065CB-B6B5-424C-A429-DF68F27DC5FD}.Ad-Hoc|x64.ActiveCfg = Ad-Hoc|iPhone
		{DC3065CB-B6B5-424C-A429-DF68F27DC5FD}.Ad-Hoc|x86.ActiveCfg = Ad-Hoc|iPhone
		{DC3065CB-B6B5-424C-A429-DF68F27DC5FD}.AppStore|Any CPU.ActiveCfg = AppStore|iPhone
		{DC3065CB-B6B5-424C-A429-DF68F27DC5FD}.AppStore|ARM.ActiveCfg = AppStore|iPhone
		{DC3065CB-B6B5-424C-A429-DF68F27DC5FD}.AppStore|iPhone.ActiveCfg = AppStore|iPhone
		{DC3065CB-B6B5-424C-A429-DF68F27DC5FD}.AppStore|iPhone.Build.0 = AppStore|iPhone
		{DC3065CB-B6B5-424C-A429-DF68F27DC5FD}.AppStore|iPhoneSimulator.ActiveCfg = AppStore|iPhoneSimulator
		{DC3065CB-B6B5-424C-A429-DF68F27DC5FD}.AppStore|iPhoneSimulator.Build.0 = AppStore|iPhoneSimulator
		{DC3065CB-B6B5-424C-A429-DF68F27DC5FD}.AppStore|x64.ActiveCfg = AppStore|iPhone
		{DC3065CB-B6B5-424C-A429-DF68F27DC5FD}.AppStore|x86.ActiveCfg = AppStore|iPhone
		{DC3065CB-B6B5-424C-A429-DF68F27DC5FD}.Debug|Any CPU.ActiveCfg = Debug|iPhone
		{DC3065CB-B6B5-424C-A429-DF68F27DC5FD}.Debug|ARM.ActiveCfg = Debug|iPhone
		{DC3065CB-B6B5-424C-A429-DF68F27DC5FD}.Debug|iPhone.ActiveCfg = Debug|iPhone
		{DC3065CB-B6B5-424C-A429-DF68F27DC5FD}.Debug|iPhone.Build.0 = Debug|iPhone
		{DC3065CB-B6B5-424C-A429-DF68F27DC5FD}.Debug|iPhoneSimulator.ActiveCfg = Debug|iPhoneSimulator
		{DC3065CB-B6B5-424C-A429-DF68F27DC5FD}.Debug|iPhoneSimulator.Build.0 = Debug|iPhoneSimulator
		{DC3065CB-B6B5-424C-A429-DF68F27DC5FD}.Debug|x64.ActiveCfg = Debug|iPhone
		{DC3065CB-B6B5-424C-A429-DF68F27DC5FD}.Debug|x86.ActiveCfg = Debug|iPhone
		{DC3065CB-B6B5-424C-A429-DF68F27DC5FD}.Release|Any CPU.ActiveCfg = Release|iPhone
		{DC3065CB-B6B5-424C-A429-DF68F27DC5FD}.Release|ARM.ActiveCfg = Release|iPhone
		{DC3065CB-B6B5-424C-A429-DF68F27DC5FD}.Release|iPhone.ActiveCfg = Release|iPhone
		{DC3065CB-B6B5-424C-A429-DF68F27DC5FD}.Release|iPhone.Build.0 = Release|iPhone
		{DC3065CB-B6B5-424C-A429-DF68F27DC5FD}.Release|iPhoneSimulator.ActiveCfg = Release|iPhoneSimulator
		{DC3065CB-B6B5-424C-A429-DF68F27DC5FD}.Release|iPhoneSimulator.Build.0 = Release|iPhoneSimulator
		{DC3065CB-B6B5-424C-A429-DF68F27DC5FD}.Release|x64.ActiveCfg = Release|iPhone
		{DC3065CB-B6B5-424C-A429-DF68F27DC5FD}.Release|x86.ActiveCfg = Release|iPhone
		{DA973F03-E3D4-40D0-B4F5-98A29E0B4483}.Ad-Hoc|Any CPU.ActiveCfg = Release|x64
		{DA973F03-E3D4-40D0-B4F5-98A29E0B4483}.Ad-Hoc|Any CPU.Build.0 = Release|x64
		{DA973F03-E3D4-40D0-B4F5-98A29E0B4483}.Ad-Hoc|Any CPU.Deploy.0 = Release|x64
		{DA973F03-E3D4-40D0-B4F5-98A29E0B4483}.Ad-Hoc|ARM.ActiveCfg = Release|ARM
		{DA973F03-E3D4-40D0-B4F5-98A29E0B4483}.Ad-Hoc|ARM.Build.0 = Release|ARM
		{DA973F03-E3D4-40D0-B4F5-98A29E0B4483}.Ad-Hoc|ARM.Deploy.0 = Release|ARM
		{DA973F03-E3D4-40D0-B4F5-98A29E0B4483}.Ad-Hoc|iPhone.ActiveCfg = Release|x64
		{DA973F03-E3D4-40D0-B4F5-98A29E0B4483}.Ad-Hoc|iPhone.Build.0 = Release|x64
		{DA973F03-E3D4-40D0-B4F5-98A29E0B4483}.Ad-Hoc|iPhone.Deploy.0 = Release|x64
		{DA973F03-E3D4-40D0-B4F5-98A29E0B4483}.Ad-Hoc|iPhoneSimulator.ActiveCfg = Release|x64
		{DA973F03-E3D4-40D0-B4F5-98A29E0B4483}.Ad-Hoc|iPhoneSimulator.Build.0 = Release|x64
		{DA973F03-E3D4-40D0-B4F5-98A29E0B4483}.Ad-Hoc|iPhoneSimulator.Deploy.0 = Release|x64
		{DA973F03-E3D4-40D0-B4F5-98A29E0B4483}.Ad-Hoc|x64.ActiveCfg = Release|x64
		{DA973F03-E3D4-40D0-B4F5-98A29E0B4483}.Ad-Hoc|x64.Build.0 = Release|x64
		{DA973F03-E3D4-40D0-B4F5-98A29E0B4483}.Ad-Hoc|x64.Deploy.0 = Release|x64
		{DA973F03-E3D4-40D0-B4F5-98A29E0B4483}.Ad-Hoc|x86.ActiveCfg = Release|x86
		{DA973F03-E3D4-40D0-B4F5-98A29E0B4483}.Ad-Hoc|x86.Build.0 = Release|x86
		{DA973F03-E3D4-40D0-B4F5-98A29E0B4483}.Ad-Hoc|x86.Deploy.0 = Release|x86
		{DA973F03-E3D4-40D0-B4F5-98A29E0B4483}.AppStore|Any CPU.ActiveCfg = Release|x64
		{DA973F03-E3D4-40D0-B4F5-98A29E0B4483}.AppStore|Any CPU.Build.0 = Release|x64
		{DA973F03-E3D4-40D0-B4F5-98A29E0B4483}.AppStore|Any CPU.Deploy.0 = Release|x64
		{DA973F03-E3D4-40D0-B4F5-98A29E0B4483}.AppStore|ARM.ActiveCfg = Release|ARM
		{DA973F03-E3D4-40D0-B4F5-98A29E0B4483}.AppStore|ARM.Build.0 = Release|ARM
		{DA973F03-E3D4-40D0-B4F5-98A29E0B4483}.AppStore|ARM.Deploy.0 = Release|ARM
		{DA973F03-E3D4-40D0-B4F5-98A29E0B4483}.AppStore|iPhone.ActiveCfg = Release|x64
		{DA973F03-E3D4-40D0-B4F5-98A29E0B4483}.AppStore|iPhone.Build.0 = Release|x64
		{DA973F03-E3D4-40D0-B4F5-98A29E0B4483}.AppStore|iPhone.Deploy.0 = Release|x64
		{DA973F03-E3D4-40D0-B4F5-98A29E0B4483}.AppStore|iPhoneSimulator.ActiveCfg = Release|x64
		{DA973F03-E3D4-40D0-B4F5-98A29E0B4483}.AppStore|iPhoneSimulator.Build.0 = Release|x64
		{DA973F03-E3D4-40D0-B4F5-98A29E0B4483}.AppStore|iPhoneSimulator.Deploy.0 = Release|x64
		{DA973F03-E3D4-40D0-B4F5-98A29E0B4483}.AppStore|x64.ActiveCfg = Release|x64
		{DA973F03-E3D4-40D0-B4F5-98A29E0B4483}.AppStore|x64.Build.0 = Release|x64
		{DA973F03-E3D4-40D0-B4F5-98A29E0B4483}.AppStore|x64.Deploy.0 = Release|x64
		{DA973F03-E3D4-40D0-B4F5-98A29E0B4483}.AppStore|x86.ActiveCfg = Release|x86
		{DA973F03-E3D4-40D0-B4F5-98A29E0B4483}.AppStore|x86.Build.0 = Release|x86
		{DA973F03-E3D4-40D0-B4F5-98A29E0B4483}.AppStore|x86.Deploy.0 = Release|x86
		{DA973F03-E3D4-40D0-B4F5-98A29E0B4483}.Debug|Any CPU.ActiveCfg = Debug|x86
		{DA973F03-E3D4-40D0-B4F5-98A29E0B4483}.Debug|ARM.ActiveCfg = Debug|ARM
		{DA973F03-E3D4-40D0-B4F5-98A29E0B4483}.Debug|ARM.Build.0 = Debug|ARM
		{DA973F03-E3D4-40D0-B4F5-98A29E0B4483}.Debug|ARM.Deploy.0 = Debug|ARM
		{DA973F03-E3D4-40D0-B4F5-98A29E0B4483}.Debug|iPhone.ActiveCfg = Debug|x86
		{DA973F03-E3D4-40D0-B4F5-98A29E0B4483}.Debug|iPhoneSimulator.ActiveCfg = Debug|x86
		{DA973F03-E3D4-40D0-B4F5-98A29E0B4483}.Debug|x64.ActiveCfg = Debug|x64
		{DA973F03-E3D4-40D0-B4F5-98A29E0B4483}.Debug|x64.Build.0 = Debug|x64
		{DA973F03-E3D4-40D0-B4F5-98A29E0B4483}.Debug|x64.Deploy.0 = Debug|x64
		{DA973F03-E3D4-40D0-B4F5-98A29E0B4483}.Debug|x86.ActiveCfg = Debug|x86
		{DA973F03-E3D4-40D0-B4F5-98A29E0B4483}.Debug|x86.Build.0 = Debug|x86
		{DA973F03-E3D4-40D0-B4F5-98A29E0B4483}.Debug|x86.Deploy.0 = Debug|x86
		{DA973F03-E3D4-40D0-B4F5-98A29E0B4483}.Release|Any CPU.ActiveCfg = Release|x86
		{DA973F03-E3D4-40D0-B4F5-98A29E0B4483}.Release|ARM.ActiveCfg = Release|ARM
		{DA973F03-E3D4-40D0-B4F5-98A29E0B4483}.Release|ARM.Build.0 = Release|ARM
		{DA973F03-E3D4-40D0-B4F5-98A29E0B4483}.Release|ARM.Deploy.0 = Release|ARM
		{DA973F03-E3D4-40D0-B4F5-98A29E0B4483}.Release|iPhone.ActiveCfg = Release|x86
		{DA973F03-E3D4-40D0-B4F5-98A29E0B4483}.Release|iPhoneSimulator.ActiveCfg = Release|x86
		{DA973F03-E3D4-40D0-B4F5-98A29E0B4483}.Release|x64.ActiveCfg = Release|x64
		{DA973F03-E3D4-40D0-B4F5-98A29E0B4483}.Release|x64.Build.0 = Release|x64
		{DA973F03-E3D4-40D0-B4F5-98A29E0B4483}.Release|x64.Deploy.0 = Release|x64
		{DA973F03-E3D4-40D0-B4F5-98A29E0B4483}.Release|x86.ActiveCfg = Release|x86
		{DA973F03-E3D4-40D0-B4F5-98A29E0B4483}.Release|x86.Build.0 = Release|x86
		{DA973F03-E3D4-40D0-B4F5-98A29E0B4483}.Release|x86.Deploy.0 = Release|x86
		{9E9B4404-C6E9-49C1-B584-1679D5DD0EB7}.Ad-Hoc|Any CPU.ActiveCfg = Debug|Any CPU
		{9E9B4404-C6E9-49C1-B584-1679D5DD0EB7}.Ad-Hoc|Any CPU.Build.0 = Debug|Any CPU
		{9E9B4404-C6E9-49C1-B584-1679D5DD0EB7}.Ad-Hoc|ARM.ActiveCfg = Debug|Any CPU
		{9E9B4404-C6E9-49C1-B584-1679D5DD0EB7}.Ad-Hoc|ARM.Build.0 = Debug|Any CPU
		{9E9B4404-C6E9-49C1-B584-1679D5DD0EB7}.Ad-Hoc|iPhone.ActiveCfg = Debug|Any CPU
		{9E9B4404-C6E9-49C1-B584-1679D5DD0EB7}.Ad-Hoc|iPhone.Build.0 = Debug|Any CPU
		{9E9B4404-C6E9-49C1-B584-1679D5DD0EB7}.Ad-Hoc|iPhoneSimulator.ActiveCfg = Debug|Any CPU
		{9E9B4404-C6E9-49C1-B584-1679D5DD0EB7}.Ad-Hoc|iPhoneSimulator.Build.0 = Debug|Any CPU
		{9E9B4404-C6E9-49C1-B584-1679D5DD0EB7}.Ad-Hoc|x64.ActiveCfg = Debug|Any CPU
		{9E9B4404-C6E9-49C1-B584-1679D5DD0EB7}.Ad-Hoc|x64.Build.0 = Debug|Any CPU
		{9E9B4404-C6E9-49C1-B584-1679D5DD0EB7}.Ad-Hoc|x86.ActiveCfg = Debug|Any CPU
		{9E9B4404-C6E9-49C1-B584-1679D5DD0EB7}.Ad-Hoc|x86.Build.0 = Debug|Any CPU
		{9E9B4404-C6E9-49C1-B584-1679D5DD0EB7}.AppStore|Any CPU.ActiveCfg = Debug|Any CPU
		{9E9B4404-C6E9-49C1-B584-1679D5DD0EB7}.AppStore|Any CPU.Build.0 = Debug|Any CPU
		{9E9B4404-C6E9-49C1-B584-1679D5DD0EB7}.AppStore|ARM.ActiveCfg = Debug|Any CPU
		{9E9B4404-C6E9-49C1-B584-1679D5DD0EB7}.AppStore|ARM.Build.0 = Debug|Any CPU
		{9E9B4404-C6E9-49C1-B584-1679D5DD0EB7}.AppStore|iPhone.ActiveCfg = Debug|Any CPU
		{9E9B4404-C6E9-49C1-B584-1679D5DD0EB7}.AppStore|iPhone.Build.0 = Debug|Any CPU
		{9E9B4404-C6E9-49C1-B584-1679D5DD0EB7}.AppStore|iPhoneSimulator.ActiveCfg = Debug|Any CPU
		{9E9B4404-C6E9-49C1-B584-1679D5DD0EB7}.AppStore|iPhoneSimulator.Build.0 = Debug|Any CPU
		{9E9B4404-C6E9-49C1-B584-1679D5DD0EB7}.AppStore|x64.ActiveCfg = Debug|Any CPU
		{9E9B4404-C6E9-49C1-B584-1679D5DD0EB7}.AppStore|x64.Build.0 = Debug|Any CPU
		{9E9B4404-C6E9-49C1-B584-1679D5DD0EB7}.AppStore|x86.ActiveCfg = Debug|Any CPU
		{9E9B4404-C6E9-49C1-B584-1679D5DD0EB7}.AppStore|x86.Build.0 = Debug|Any CPU
		{9E9B4404-C6E9-49C1-B584-1679D5DD0EB7}.Debug|Any CPU.ActiveCfg = Debug|Any CPU
		{9E9B4404-C6E9-49C1-B584-1679D5DD0EB7}.Debug|Any CPU.Build.0 = Debug|Any CPU
		{9E9B4404-C6E9-49C1-B584-1679D5DD0EB7}.Debug|ARM.ActiveCfg = Debug|Any CPU
		{9E9B4404-C6E9-49C1-B584-1679D5DD0EB7}.Debug|ARM.Build.0 = Debug|Any CPU
		{9E9B4404-C6E9-49C1-B584-1679D5DD0EB7}.Debug|iPhone.ActiveCfg = Debug|Any CPU
		{9E9B4404-C6E9-49C1-B584-1679D5DD0EB7}.Debug|iPhone.Build.0 = Debug|Any CPU
		{9E9B4404-C6E9-49C1-B584-1679D5DD0EB7}.Debug|iPhoneSimulator.ActiveCfg = Debug|Any CPU
		{9E9B4404-C6E9-49C1-B584-1679D5DD0EB7}.Debug|iPhoneSimulator.Build.0 = Debug|Any CPU
		{9E9B4404-C6E9-49C1-B584-1679D5DD0EB7}.Debug|x64.ActiveCfg = Debug|Any CPU
		{9E9B4404-C6E9-49C1-B584-1679D5DD0EB7}.Debug|x64.Build.0 = Debug|Any CPU
		{9E9B4404-C6E9-49C1-B584-1679D5DD0EB7}.Debug|x86.ActiveCfg = Debug|Any CPU
		{9E9B4404-C6E9-49C1-B584-1679D5DD0EB7}.Debug|x86.Build.0 = Debug|Any CPU
		{9E9B4404-C6E9-49C1-B584-1679D5DD0EB7}.Release|Any CPU.ActiveCfg = Release|Any CPU
		{9E9B4404-C6E9-49C1-B584-1679D5DD0EB7}.Release|Any CPU.Build.0 = Release|Any CPU
		{9E9B4404-C6E9-49C1-B584-1679D5DD0EB7}.Release|ARM.ActiveCfg = Release|Any CPU
		{9E9B4404-C6E9-49C1-B584-1679D5DD0EB7}.Release|ARM.Build.0 = Release|Any CPU
		{9E9B4404-C6E9-49C1-B584-1679D5DD0EB7}.Release|iPhone.ActiveCfg = Release|Any CPU
		{9E9B4404-C6E9-49C1-B584-1679D5DD0EB7}.Release|iPhone.Build.0 = Release|Any CPU
		{9E9B4404-C6E9-49C1-B584-1679D5DD0EB7}.Release|iPhoneSimulator.ActiveCfg = Release|Any CPU
		{9E9B4404-C6E9-49C1-B584-1679D5DD0EB7}.Release|iPhoneSimulator.Build.0 = Release|Any CPU
		{9E9B4404-C6E9-49C1-B584-1679D5DD0EB7}.Release|x64.ActiveCfg = Release|Any CPU
		{9E9B4404-C6E9-49C1-B584-1679D5DD0EB7}.Release|x64.Build.0 = Release|Any CPU
		{9E9B4404-C6E9-49C1-B584-1679D5DD0EB7}.Release|x86.ActiveCfg = Release|Any CPU
		{9E9B4404-C6E9-49C1-B584-1679D5DD0EB7}.Release|x86.Build.0 = Release|Any CPU
	EndGlobalSection
	GlobalSection(SolutionProperties) = preSolution
		HideSolutionNode = FALSE
	EndGlobalSection
	GlobalSection(ExtensibilityGlobals) = postSolution
		SolutionGuid = {EA7A2693-7661-4040-87B3-F277B4A245C1}
	EndGlobalSection
EndGlobal
