
Microsoft Visual Studio Solution File, Format Version 12.00
# Visual Studio Version 16
VisualStudioVersion = 16.0.29609.76
MinimumVisualStudioVersion = 10.0.40219.1
Project("{9A19103F-16F7-4668-BE54-9A1E7A4F7556}") = "AttachedEvent", "AttachedEvent\AttachedEvent.csproj", "{5A666745-D39A-4E3D-882E-DA3EEE352D2F}"
EndProject
Project("{FAE04EC0-301F-11D3-BF4B-00C04F79EFBC}") = "EventHandler", "EventHandler\EventHandler.csproj", "{C88939BA-1A14-410C-8C74-3456B82EFBE7}"
EndProject
Global
	GlobalSection(SolutionConfigurationPlatforms) = preSolution
		Debug|Any CPU = Debug|Any CPU
		Release|Any CPU = Release|Any CPU
	EndGlobalSection
	GlobalSection(ProjectConfigurationPlatforms) = postSolution
		{5A666745-D39A-4E3D-882E-DA3EEE352D2F}.Debug|Any CPU.ActiveCfg = Debug|Any CPU
		{5A666745-D39A-4E3D-882E-DA3EEE352D2F}.Debug|Any CPU.Build.0 = Debug|Any CPU
		{5A666745-D39A-4E3D-882E-DA3EEE352D2F}.Release|Any CPU.ActiveCfg = Release|Any CPU
		{5A666745-D39A-4E3D-882E-DA3EEE352D2F}.Release|Any CPU.Build.0 = Release|Any CPU
		{C88939BA-1A14-410C-8C74-3456B82EFBE7}.Debug|Any CPU.ActiveCfg = Debug|Any CPU
		{C88939BA-1A14-410C-8C74-3456B82EFBE7}.Debug|Any CPU.Build.0 = Debug|Any CPU
		{C88939BA-1A14-410C-8C74-3456B82EFBE7}.Release|Any CPU.ActiveCfg = Release|Any CPU
		{C88939BA-1A14-410C-8C74-3456B82EFBE7}.Release|Any CPU.Build.0 = Release|Any CPU
	EndGlobalSection
	GlobalSection(SolutionProperties) = preSolution
		HideSolutionNode = FALSE
	EndGlobalSection
	GlobalSection(ExtensibilityGlobals) = postSolution
		SolutionGuid = {6942D29D-A898-4433-8968-372254C8A4C2}
	EndGlobalSection
EndGlobal
