
Microsoft Visual Studio Solution File, Format Version 12.00
# Visual Studio 15
VisualStudioVersion = 15.0.28010.2019
MinimumVisualStudioVersion = 10.0.40219.1
Project("{FAE04EC0-301F-11D3-BF4B-00C04F79EFBC}") = "FileManagerSample", "FileManagerSample\FileManagerSample.csproj", "{79474AB4-59E5-4D30-90B6-205BE48E6E03}"
EndProject
Global
	GlobalSection(SolutionConfigurationPlatforms) = preSolution
		Debug|ARM = Debug|ARM
		Debug|x64 = Debug|x64
		Debug|x86 = Debug|x86
		Release|ARM = Release|ARM
		Release|x64 = Release|x64
		Release|x86 = Release|x86
	EndGlobalSection
	GlobalSection(ProjectConfigurationPlatforms) = postSolution
		{79474AB4-59E5-4D30-90B6-205BE48E6E03}.Debug|ARM.ActiveCfg = Debug|ARM
		{79474AB4-59E5-4D30-90B6-205BE48E6E03}.Debug|ARM.Build.0 = Debug|ARM
		{79474AB4-59E5-4D30-90B6-205BE48E6E03}.Debug|ARM.Deploy.0 = Debug|ARM
		{79474AB4-59E5-4D30-90B6-205BE48E6E03}.Debug|x64.ActiveCfg = Debug|x64
		{79474AB4-59E5-4D30-90B6-205BE48E6E03}.Debug|x64.Build.0 = Debug|x64
		{79474AB4-59E5-4D30-90B6-205BE48E6E03}.Debug|x64.Deploy.0 = Debug|x64
		{79474AB4-59E5-4D30-90B6-205BE48E6E03}.Debug|x86.ActiveCfg = Debug|x86
		{79474AB4-59E5-4D30-90B6-205BE48E6E03}.Debug|x86.Build.0 = Debug|x86
		{79474AB4-59E5-4D30-90B6-205BE48E6E03}.Debug|x86.Deploy.0 = Debug|x86
		{79474AB4-59E5-4D30-90B6-205BE48E6E03}.Release|ARM.ActiveCfg = Release|ARM
		{79474AB4-59E5-4D30-90B6-205BE48E6E03}.Release|ARM.Build.0 = Release|ARM
		{79474AB4-59E5-4D30-90B6-205BE48E6E03}.Release|ARM.Deploy.0 = Release|ARM
		{79474AB4-59E5-4D30-90B6-205BE48E6E03}.Release|x64.ActiveCfg = Release|x64
		{79474AB4-59E5-4D30-90B6-205BE48E6E03}.Release|x64.Build.0 = Release|x64
		{79474AB4-59E5-4D30-90B6-205BE48E6E03}.Release|x64.Deploy.0 = Release|x64
		{79474AB4-59E5-4D30-90B6-205BE48E6E03}.Release|x86.ActiveCfg = Release|x86
		{79474AB4-59E5-4D30-90B6-205BE48E6E03}.Release|x86.Build.0 = Release|x86
		{79474AB4-59E5-4D30-90B6-205BE48E6E03}.Release|x86.Deploy.0 = Release|x86
	EndGlobalSection
	GlobalSection(SolutionProperties) = preSolution
		HideSolutionNode = FALSE
	EndGlobalSection
	GlobalSection(ExtensibilityGlobals) = postSolution
		SolutionGuid = {6FC021C0-12C5-4808-8E04-2975C67D5722}
	EndGlobalSection
EndGlobal
